{
  "name": "lib-dat",
  "version": "1.0.0",
  "lockfileVersion": 1,
  "requires": true,
  "dependencies": {
    "extract-dat": {
      "version": "1.0.0",
      "resolved": "https://registry.npmjs.org/extract-dat/-/extract-dat-1.0.0.tgz",
      "integrity": "sha512-U7YfASfLIgd6CfN5r3TqoF8QSrnsMqka8JxD4mtALRdcmReVfPco8ghRsRB3EGFHO4XLomN8bxrDc3uXPDHP0g=="
    }
  }
}
